{
  "name": "@trimble-oss/modus-angular-components",
  "version": "0.0.1-ng20",
  "lockfileVersion": 3,
  "requires": true,
  "packages": {
    "": {
      "name": "@trimble-oss/modus-angular-components",
      "version": "0.0.1-ng20",
      "dependencies": {
        "tslib": "^2.3.0"
      },
      "peerDependencies": {
        "@angular/common": "^20.0.0",
        "@angular/core": "^20.0.0",
        "@trimble-oss/modus-web-components": "1.8.0"
      }
    },
    "node_modules/@angular/common": {
      "version": "20.0.4",
      "resolved": "https://registry.npmjs.org/@angular/common/-/common-20.0.4.tgz",
      "integrity": "sha512-fWgxe2rgSKgI36ummBYnBN4YUrmp4CHbfEG3RMeJho/vhHKguk2/o6BgL9zvnKybvbWmuaqbkHogi+y0LeJ8Ww==",
      "license": "MIT",
      "peer": true,
      "dependencies": {
        "tslib": "^2.3.0"
      },
      "engines": {
        "node": "^20.19.0 || ^22.12.0 || >=24.0.0"
      },
      "peerDependencies": {
        "@angular/core": "20.0.4",
        "rxjs": "^6.5.3 || ^7.4.0"
      }
    },
    "node_modules/@angular/core": {
      "version": "20.0.4",
      "resolved": "https://registry.npmjs.org/@angular/core/-/core-20.0.4.tgz",
      "integrity": "sha512-JhSl3B6CrJ9kegLffgWVFGF4D4bWLV/9r8R0+h78vU+ppdPFPWDha7WnirF31cPIg3pBzy6wn103Kcy9Ri5M5w==",
      "license": "MIT",
      "peer": true,
      "dependencies": {
        "tslib": "^2.3.0"
      },
      "engines": {
        "node": "^20.19.0 || ^22.12.0 || >=24.0.0"
      },
      "peerDependencies": {
        "@angular/compiler": "20.0.4",
        "rxjs": "^6.5.3 || ^7.4.0",
        "zone.js": "~0.15.0"
      },
      "peerDependenciesMeta": {
        "@angular/compiler": {
          "optional": true
        },
        "zone.js": {
          "optional": true
        }
      }
    },
    "node_modules/@floating-ui/core": {
      "version": "1.7.1",
      "resolved": "https://registry.npmjs.org/@floating-ui/core/-/core-1.7.1.tgz",
      "integrity": "sha512-azI0DrjMMfIug/ExbBaeDVJXcY0a7EPvPjb2xAJPa4HeimBX+Z18HK8QQR3jb6356SnDDdxx+hinMLcJEDdOjw==",
      "license": "MIT",
      "peer": true,
      "dependencies": {
        "@floating-ui/utils": "^0.2.9"
      }
    },
    "node_modules/@floating-ui/dom": {
      "version": "1.7.1",
      "resolved": "https://registry.npmjs.org/@floating-ui/dom/-/dom-1.7.1.tgz",
      "integrity": "sha512-cwsmW/zyw5ltYTUeeYJ60CnQuPqmGwuGVhG9w0PRaRKkAyi38BT5CKrpIbb+jtahSwUl04cWzSx9ZOIxeS6RsQ==",
      "license": "MIT",
      "peer": true,
      "dependencies": {
        "@floating-ui/core": "^1.7.1",
        "@floating-ui/utils": "^0.2.9"
      }
    },
    "node_modules/@floating-ui/utils": {
      "version": "0.2.9",
      "resolved": "https://registry.npmjs.org/@floating-ui/utils/-/utils-0.2.9.tgz",
      "integrity": "sha512-MDWhGtE+eHw5JW7lq4qhc5yRLS11ERl1c7Z6Xd0a58DozHES6EnNNwUWbMiG4J9Cgj053Bhk8zvlhFYKVhULwg==",
      "license": "MIT",
      "peer": true
    },
    "node_modules/@popperjs/core": {
      "version": "2.11.8",
      "resolved": "https://registry.npmjs.org/@popperjs/core/-/core-2.11.8.tgz",
      "integrity": "sha512-P1st0aksCrn9sGZhp8GMYwBnQsbvAWsZAX44oXNNvLHGqAOcoVxmjZiohstwQ7SqKnbR47akdNi+uleWD8+g6A==",
      "license": "MIT",
      "peer": true,
      "funding": {
        "type": "opencollective",
        "url": "https://opencollective.com/popperjs"
      }
    },
    "node_modules/@stencil/core": {
      "version": "4.13.0",
      "resolved": "https://registry.npmjs.org/@stencil/core/-/core-4.13.0.tgz",
      "integrity": "sha512-gg+gtBWekQ08mDja8GVAUHNu+rrFhQaKZDvfhnS3l/5JbYiJddTimuDPPhuc0sR0JZL1iRdJTJSa+JbvmnQ1cQ==",
      "license": "MIT",
      "peer": true,
      "bin": {
        "stencil": "bin/stencil"
      },
      "engines": {
        "node": ">=16.0.0",
        "npm": ">=7.10.0"
      }
    },
    "node_modules/@tanstack/table-core": {
      "version": "8.21.3",
      "resolved": "https://registry.npmjs.org/@tanstack/table-core/-/table-core-8.21.3.tgz",
      "integrity": "sha512-ldZXEhOBb8Is7xLs01fR3YEc3DERiz5silj8tnGkFZytt1abEvl/GhUmCE0PMLaMPTa3Jk4HbKmRlHmu+gCftg==",
      "license": "MIT",
      "peer": true,
      "engines": {
        "node": ">=12"
      },
      "funding": {
        "type": "github",
        "url": "https://github.com/sponsors/tannerlinsley"
      }
    },
    "node_modules/@trimble-oss/modus-web-components": {
      "version": "1.8.0",
      "resolved": "https://registry.npmjs.org/@trimble-oss/modus-web-components/-/modus-web-components-1.8.0.tgz",
      "integrity": "sha512-HH+ZOqxOBIypgHKih2X36080WsdngFGn6hCqYx4jdELy4IZrp2xUNQYYC8halr51wiWn2tpximV6CnD3Wv7/0g==",
      "license": "MIT",
      "peer": true,
      "dependencies": {
        "@floating-ui/dom": "^1.7.0",
        "@popperjs/core": "^2.11.8",
        "@stencil/core": "4.13.0",
        "@tanstack/table-core": "^8.21.3"
      },
      "engines": {
        "node": ">=18.20"
      }
    },
    "node_modules/rxjs": {
      "version": "7.8.2",
      "resolved": "https://registry.npmjs.org/rxjs/-/rxjs-7.8.2.tgz",
      "integrity": "sha512-dhKf903U/PQZY6boNNtAGdWbG85WAbjT/1xYoZIC7FAY0yWapOBQVsVrDl58W86//e1VpMNBtRV4MaXfdMySFA==",
      "license": "Apache-2.0",
      "peer": true,
      "dependencies": {
        "tslib": "^2.1.0"
      }
    },
    "node_modules/tslib": {
      "version": "2.8.1",
      "resolved": "https://registry.npmjs.org/tslib/-/tslib-2.8.1.tgz",
      "integrity": "sha512-oJFu94HQb+KVduSUQL7wnpmqnfmLsOA/nAh6b6EH0wCEoK0/mPeXU6c3wKDV83MkOuHPRHtSXKKU99IBazS/2w==",
      "license": "0BSD"
    }
  }
}
