{
  "name": "@trimble-oss/modus-angular-components",
  "version": "0.41.1-ng17",
  "lockfileVersion": 2,
  "requires": true,
  "packages": {
    "": {
      "name": "@trimble-oss/modus-angular-components",
      "version": "0.41.1-ng17",
      "license": "MIT",
      "dependencies": {
        "tslib": "^2.5.3"
      },
      "engines": {
        "node": ">=18.14.0"
      },
      "peerDependencies": {
        "@angular/common": "^17.2.2",
        "@angular/core": "^17.2.2",
        "@trimble-oss/modus-web-components": "0.41.1"
      }
    },
    "../../../../ng18/projects/trimble-oss/modus-angular-components": {
      "name": "@trimble-oss/modus-angular-components",
      "version": "0.40.0-ng18",
      "extraneous": true,
      "license": "MIT",
      "dependencies": {
        "tslib": "^2.3.0"
      },
      "engines": {
        "node": ">=18.19.1"
      },
      "peerDependencies": {
        "@angular/common": "^18.2.0",
        "@angular/core": "^18.2.0",
        "@trimble-oss/modus-web-components": "0.40.0"
      }
    },
    "node_modules/@angular/common": {
      "version": "17.3.12",
      "resolved": "https://registry.npmjs.org/@angular/common/-/common-17.3.12.tgz",
      "integrity": "sha512-vabJzvrx76XXFrm1RJZ6o/CyG32piTB/1sfFfKHdlH1QrmArb8It4gyk9oEjZ1IkAD0HvBWlfWmn+T6Vx3pdUw==",
      "peer": true,
      "dependencies": {
        "tslib": "^2.3.0"
      },
      "engines": {
        "node": "^18.13.0 || >=20.9.0"
      },
      "peerDependencies": {
        "@angular/core": "17.3.12",
        "rxjs": "^6.5.3 || ^7.4.0"
      }
    },
    "node_modules/@angular/core": {
      "version": "17.3.12",
      "resolved": "https://registry.npmjs.org/@angular/core/-/core-17.3.12.tgz",
      "integrity": "sha512-MuFt5yKi161JmauUta4Dh0m8ofwoq6Ino+KoOtkYMBGsSx+A7dSm+DUxxNwdj7+DNyg3LjVGCFgBFnq4g8z06A==",
      "peer": true,
      "dependencies": {
        "tslib": "^2.3.0"
      },
      "engines": {
        "node": "^18.13.0 || >=20.9.0"
      },
      "peerDependencies": {
        "rxjs": "^6.5.3 || ^7.4.0",
        "zone.js": "~0.14.0"
      }
    },
    "node_modules/@floating-ui/core": {
      "version": "1.6.8",
      "resolved": "https://registry.npmjs.org/@floating-ui/core/-/core-1.6.8.tgz",
      "integrity": "sha512-7XJ9cPU+yI2QeLS+FCSlqNFZJq8arvswefkZrYI1yQBbftw6FyrZOxYSh+9S7z7TpeWlRt9zJ5IhM1WIL334jA==",
      "peer": true,
      "dependencies": {
        "@floating-ui/utils": "^0.2.8"
      }
    },
    "node_modules/@floating-ui/dom": {
      "version": "1.6.12",
      "resolved": "https://registry.npmjs.org/@floating-ui/dom/-/dom-1.6.12.tgz",
      "integrity": "sha512-NP83c0HjokcGVEMeoStg317VD9W7eDlGK7457dMBANbKA6GJZdc7rjujdgqzTaz93jkGgc5P/jeWbaCHnMNc+w==",
      "peer": true,
      "dependencies": {
        "@floating-ui/core": "^1.6.0",
        "@floating-ui/utils": "^0.2.8"
      }
    },
    "node_modules/@floating-ui/utils": {
      "version": "0.2.8",
      "resolved": "https://registry.npmjs.org/@floating-ui/utils/-/utils-0.2.8.tgz",
      "integrity": "sha512-kym7SodPp8/wloecOpcmSnWJsK7M0E5Wg8UcFA+uO4B9s5d0ywXOEro/8HM9x0rW+TljRzul/14UYz3TleT3ig==",
      "peer": true
    },
    "node_modules/@popperjs/core": {
      "version": "2.11.8",
      "resolved": "https://registry.npmjs.org/@popperjs/core/-/core-2.11.8.tgz",
      "integrity": "sha512-P1st0aksCrn9sGZhp8GMYwBnQsbvAWsZAX44oXNNvLHGqAOcoVxmjZiohstwQ7SqKnbR47akdNi+uleWD8+g6A==",
      "peer": true,
      "funding": {
        "type": "opencollective",
        "url": "https://opencollective.com/popperjs"
      }
    },
    "node_modules/@stencil/core": {
      "version": "4.20.0",
      "resolved": "https://registry.npmjs.org/@stencil/core/-/core-4.20.0.tgz",
      "integrity": "sha512-WPrTHFngvN081RY+dJPneKQLwnOFD60OMCOQGmmSHfCW0f4ujPMzzhwWU1gcSwXPWXz5O+8cBiiCaxAbJU7kAg==",
      "peer": true,
      "bin": {
        "stencil": "bin/stencil"
      },
      "engines": {
        "node": ">=16.0.0",
        "npm": ">=7.10.0"
      }
    },
    "node_modules/@tanstack/table-core": {
      "version": "8.20.5",
      "resolved": "https://registry.npmjs.org/@tanstack/table-core/-/table-core-8.20.5.tgz",
      "integrity": "sha512-P9dF7XbibHph2PFRz8gfBKEXEY/HJPOhym8CHmjF8y3q5mWpKx9xtZapXQUWCgkqvsK0R46Azuz+VaxD4Xl+Tg==",
      "peer": true,
      "engines": {
        "node": ">=12"
      },
      "funding": {
        "type": "github",
        "url": "https://github.com/sponsors/tannerlinsley"
      }
    },
    "node_modules/@trimble-oss/modus-web-components": {
      "version": "0.41.1",
      "resolved": "https://npm.trimblemaps.com/@trimble-oss%2fmodus-web-components/-/modus-web-components-0.41.1.tgz",
      "integrity": "sha512-q1dHdPK+trhWLBDA9AN0d0yr4/JFDSe+PGlGCZNTcJjW/CrEL/y31bQyJpJIiWB5fHnTbmOuj7xopYZdO3E0aQ==",
      "peer": true,
      "dependencies": {
        "@floating-ui/dom": "^1.6.12",
        "@popperjs/core": "^2.11.8",
        "@stencil/core": "^4.12.4",
        "@tanstack/table-core": "^8.20.5"
      },
      "engines": {
        "node": ">=16",
        "npm": ">=8"
      }
    },
    "node_modules/rxjs": {
      "version": "7.8.1",
      "resolved": "https://registry.npmjs.org/rxjs/-/rxjs-7.8.1.tgz",
      "integrity": "sha512-AA3TVj+0A2iuIoQkWEK/tqFjBq2j+6PO6Y0zJcvzLAFhEFIO3HL0vls9hWLncZbAAbK0mar7oZ4V079I/qPMxg==",
      "peer": true,
      "dependencies": {
        "tslib": "^2.1.0"
      }
    },
    "node_modules/tslib": {
      "version": "2.5.3",
      "resolved": "https://registry.npmjs.org/tslib/-/tslib-2.5.3.tgz",
      "integrity": "sha512-mSxlJJwl3BMEQCUNnxXBU9jP4JBktcEGhURcPR6VQVlnP0FdDEsIaz0C35dXNGLyRfrATNofF0F5p2KPxQgB+w=="
    },
    "node_modules/zone.js": {
      "version": "0.14.10",
      "resolved": "https://registry.npmjs.org/zone.js/-/zone.js-0.14.10.tgz",
      "integrity": "sha512-YGAhaO7J5ywOXW6InXNlLmfU194F8lVgu7bRntUF3TiG8Y3nBK0x1UJJuHUP/e8IyihkjCYqhCScpSwnlaSRkQ==",
      "peer": true
    }
  },
  "dependencies": {
    "@angular/common": {
      "version": "17.3.12",
      "resolved": "https://registry.npmjs.org/@angular/common/-/common-17.3.12.tgz",
      "integrity": "sha512-vabJzvrx76XXFrm1RJZ6o/CyG32piTB/1sfFfKHdlH1QrmArb8It4gyk9oEjZ1IkAD0HvBWlfWmn+T6Vx3pdUw==",
      "peer": true,
      "requires": {
        "tslib": "^2.3.0"
      }
    },
    "@angular/core": {
      "version": "17.3.12",
      "resolved": "https://registry.npmjs.org/@angular/core/-/core-17.3.12.tgz",
      "integrity": "sha512-MuFt5yKi161JmauUta4Dh0m8ofwoq6Ino+KoOtkYMBGsSx+A7dSm+DUxxNwdj7+DNyg3LjVGCFgBFnq4g8z06A==",
      "peer": true,
      "requires": {
        "tslib": "^2.3.0"
      }
    },
    "@floating-ui/core": {
      "version": "1.6.8",
      "resolved": "https://registry.npmjs.org/@floating-ui/core/-/core-1.6.8.tgz",
      "integrity": "sha512-7XJ9cPU+yI2QeLS+FCSlqNFZJq8arvswefkZrYI1yQBbftw6FyrZOxYSh+9S7z7TpeWlRt9zJ5IhM1WIL334jA==",
      "peer": true,
      "requires": {
        "@floating-ui/utils": "^0.2.8"
      }
    },
    "@floating-ui/dom": {
      "version": "1.6.12",
      "resolved": "https://registry.npmjs.org/@floating-ui/dom/-/dom-1.6.12.tgz",
      "integrity": "sha512-NP83c0HjokcGVEMeoStg317VD9W7eDlGK7457dMBANbKA6GJZdc7rjujdgqzTaz93jkGgc5P/jeWbaCHnMNc+w==",
      "peer": true,
      "requires": {
        "@floating-ui/core": "^1.6.0",
        "@floating-ui/utils": "^0.2.8"
      }
    },
    "@floating-ui/utils": {
      "version": "0.2.8",
      "resolved": "https://registry.npmjs.org/@floating-ui/utils/-/utils-0.2.8.tgz",
      "integrity": "sha512-kym7SodPp8/wloecOpcmSnWJsK7M0E5Wg8UcFA+uO4B9s5d0ywXOEro/8HM9x0rW+TljRzul/14UYz3TleT3ig==",
      "peer": true
    },
    "@popperjs/core": {
      "version": "2.11.8",
      "resolved": "https://registry.npmjs.org/@popperjs/core/-/core-2.11.8.tgz",
      "integrity": "sha512-P1st0aksCrn9sGZhp8GMYwBnQsbvAWsZAX44oXNNvLHGqAOcoVxmjZiohstwQ7SqKnbR47akdNi+uleWD8+g6A==",
      "peer": true
    },
    "@stencil/core": {
      "version": "4.20.0",
      "resolved": "https://registry.npmjs.org/@stencil/core/-/core-4.20.0.tgz",
      "integrity": "sha512-WPrTHFngvN081RY+dJPneKQLwnOFD60OMCOQGmmSHfCW0f4ujPMzzhwWU1gcSwXPWXz5O+8cBiiCaxAbJU7kAg==",
      "peer": true
    },
    "@tanstack/table-core": {
      "version": "8.20.5",
      "resolved": "https://registry.npmjs.org/@tanstack/table-core/-/table-core-8.20.5.tgz",
      "integrity": "sha512-P9dF7XbibHph2PFRz8gfBKEXEY/HJPOhym8CHmjF8y3q5mWpKx9xtZapXQUWCgkqvsK0R46Azuz+VaxD4Xl+Tg==",
      "peer": true
    },
    "@trimble-oss/modus-web-components": {
      "version": "0.41.1",
      "resolved": "https://npm.trimblemaps.com/@trimble-oss%2fmodus-web-components/-/modus-web-components-0.41.1.tgz",
      "integrity": "sha512-q1dHdPK+trhWLBDA9AN0d0yr4/JFDSe+PGlGCZNTcJjW/CrEL/y31bQyJpJIiWB5fHnTbmOuj7xopYZdO3E0aQ==",
      "peer": true,
      "requires": {
        "@floating-ui/dom": "^1.6.12",
        "@popperjs/core": "^2.11.8",
        "@stencil/core": "^4.12.4",
        "@tanstack/table-core": "^8.20.5"
      }
    },
    "rxjs": {
      "version": "7.8.1",
      "resolved": "https://registry.npmjs.org/rxjs/-/rxjs-7.8.1.tgz",
      "integrity": "sha512-AA3TVj+0A2iuIoQkWEK/tqFjBq2j+6PO6Y0zJcvzLAFhEFIO3HL0vls9hWLncZbAAbK0mar7oZ4V079I/qPMxg==",
      "peer": true,
      "requires": {
        "tslib": "^2.1.0"
      }
    },
    "tslib": {
      "version": "2.5.3",
      "resolved": "https://registry.npmjs.org/tslib/-/tslib-2.5.3.tgz",
      "integrity": "sha512-mSxlJJwl3BMEQCUNnxXBU9jP4JBktcEGhURcPR6VQVlnP0FdDEsIaz0C35dXNGLyRfrATNofF0F5p2KPxQgB+w=="
    },
    "zone.js": {
      "version": "0.14.10",
      "resolved": "https://registry.npmjs.org/zone.js/-/zone.js-0.14.10.tgz",
      "integrity": "sha512-YGAhaO7J5ywOXW6InXNlLmfU194F8lVgu7bRntUF3TiG8Y3nBK0x1UJJuHUP/e8IyihkjCYqhCScpSwnlaSRkQ==",
      "peer": true
    }
  }
}
