{
  "name": "modus-web-components",
  "version": "1.0.0",
  "lockfileVersion": 2,
  "requires": true,
  "packages": {
    "": {
      "name": "modus-web-components",
      "version": "1.0.0",
      "license": "MIT",
      "dependencies": {
        "autonumeric": "^4.10.5"
      },
      "engines": {
        "node": ">=16.20.2"
      }
    },
    "node_modules/autonumeric": {
      "version": "4.10.5",
      "resolved": "https://registry.npmjs.org/autonumeric/-/autonumeric-4.10.5.tgz",
      "integrity": "sha512-t7h1poYH37eVi/pDTdO0UBb8qk8A9gUHzABP/wUoqSw4w5aDFJr2gxfZPl+agta4ifb5OfBm4Bylv1G/dCC2zQ==",
      "funding": {
        "type": "patreon",
        "url": "https://www.patreon.com/AlexandreBonneau"
      }
    }
  },
  "dependencies": {
    "autonumeric": {
      "version": "4.10.5",
      "resolved": "https://registry.npmjs.org/autonumeric/-/autonumeric-4.10.5.tgz",
      "integrity": "sha512-t7h1poYH37eVi/pDTdO0UBb8qk8A9gUHzABP/wUoqSw4w5aDFJr2gxfZPl+agta4ifb5OfBm4Bylv1G/dCC2zQ=="
    }
  }
}
