{
  "name": "modus-web-components",
  "version": "1.0.0",
  "lockfileVersion": 2,
  "requires": true,
  "packages": {
    "": {
      "name": "modus-web-components",
      "version": "1.0.0",
      "license": "MIT",
      "engines": {
        "node": ">=16.14.0"
      }
    },
    "node_modules/@stencil/angular-output-target": {
      "version": "0.6.1-dev.11657573317.16e0205c",
      "resolved": "https://registry.npmjs.org/@stencil/angular-output-target/-/angular-output-target-0.6.1-dev.11657573317.16e0205c.tgz",
      "integrity": "sha512-dSD2d8itnD8xa5vRRoOFjWiSd813L+/vuulolDl22k7urBWdH8pGDlBu5uhatEjZD12d6C0blFBlWpy25YFjBw==",
      "peerDependencies": {
        "@stencil/core": "^2.9.0"
      }
    },
    "node_modules/@stencil/core": {
      "version": "2.13.0",
      "resolved": "https://registry.npmjs.org/@stencil/core/-/core-2.13.0.tgz",
      "integrity": "sha512-EEKHOHgYpg3/iFUKMXTZJjUayRul7sXDwNw0OGgkEOe4t7JWiibDkzUHuruvpbqEydX+z1+ez5K2bMMY76c2wA==",
      "peer": true,
      "bin": {
        "stencil": "bin/stencil"
      },
      "engines": {
        "node": ">=12.10.0",
        "npm": ">=6.0.0"
      }
    }
  },
  "dependencies": {
    "@stencil/angular-output-target": {
      "version": "https://registry.npmjs.org/@stencil/angular-output-target/-/angular-output-target-0.6.1-dev.11657573317.16e0205c.tgz",
      "integrity": "sha512-dSD2d8itnD8xa5vRRoOFjWiSd813L+/vuulolDl22k7urBWdH8pGDlBu5uhatEjZD12d6C0blFBlWpy25YFjBw==",
      "requires": {}
    },
    "@stencil/core": {
      "version": "2.13.0",
      "resolved": "https://registry.npmjs.org/@stencil/core/-/core-2.13.0.tgz",
      "integrity": "sha512-EEKHOHgYpg3/iFUKMXTZJjUayRul7sXDwNw0OGgkEOe4t7JWiibDkzUHuruvpbqEydX+z1+ez5K2bMMY76c2wA==",
      "peer": true
    }
  }
}
