{
  "name": "@trimble-oss/modus-angular-components",
  "version": "0.1.18-1411",
  "lockfileVersion": 2,
  "requires": true,
  "packages": {
    "": {
      "name": "@trimble-oss/modus-angular-components",
      "version": "0.1.18-1411",
      "license": "MIT",
      "dependencies": {
        "tslib": "^2.3.0"
      },
      "peerDependencies": {
        "@angular/common": "^14.1.1",
        "@angular/core": "^14.1.1",
        "@trimble-oss/modus-web-components": "0.1.18"
      }
    },
    "node_modules/@angular/common": {
      "version": "14.2.1",
      "resolved": "https://registry.npmjs.org/@angular/common/-/common-14.2.1.tgz",
      "integrity": "sha512-7FvYOBrgM9owmJvckC/tyJ9reI3BKXChm7Y2iu0WI94XIrI+FSQ7QYNwahDpcizyYAboVwe5lYXgDRrbzRfkKg==",
      "peer": true,
      "dependencies": {
        "tslib": "^2.3.0"
      },
      "engines": {
        "node": "^14.15.0 || >=16.10.0"
      },
      "peerDependencies": {
        "@angular/core": "14.2.1",
        "rxjs": "^6.5.3 || ^7.4.0"
      }
    },
    "node_modules/@angular/core": {
      "version": "14.2.1",
      "resolved": "https://registry.npmjs.org/@angular/core/-/core-14.2.1.tgz",
      "integrity": "sha512-TTMfunZ6TWaXA7SeWHbJBmJZIW4x48SjXrUIxMQ/PSgq9E/JXgarYDmfn00yyVRJDEGfjqzUW09Wtzc1mOkWLQ==",
      "peer": true,
      "dependencies": {
        "tslib": "^2.3.0"
      },
      "engines": {
        "node": "^14.15.0 || >=16.10.0"
      },
      "peerDependencies": {
        "rxjs": "^6.5.3 || ^7.4.0",
        "zone.js": "~0.11.4"
      }
    },
    "node_modules/@stencil/core": {
      "version": "2.17.3",
      "resolved": "https://registry.npmjs.org/@stencil/core/-/core-2.17.3.tgz",
      "integrity": "sha512-qw2DZzOpyaltLLEfYRTj3n+XbvRtkmv4QQimYDJubC6jMY0NXK9r6H2+VyszdbbVmvK1D9GqZtyvY0NmOrztsg==",
      "peer": true,
      "bin": {
        "stencil": "bin/stencil"
      },
      "engines": {
        "node": ">=12.10.0",
        "npm": ">=6.0.0"
      }
    },
    "node_modules/@trimble-oss/modus-web-components": {
      "version": "0.1.18",
      "resolved": "https://registry.npmjs.org/@trimble-oss/modus-web-components/-/modus-web-components-0.1.18.tgz",
      "integrity": "sha512-RJ4FLn1PgaSblas62K1doac+MxWC4YHPJlGc1UEfNb1PQ98rSXCT+da6/Wvo97HNes2L6DZWmZhFFT0Mvdfxog==",
      "peer": true,
      "dependencies": {
        "@stencil/core": "^2.17.3"
      },
      "engines": {
        "node": ">=14",
        "npm": ">=7"
      }
    },
    "node_modules/rxjs": {
      "version": "7.5.6",
      "resolved": "https://registry.npmjs.org/rxjs/-/rxjs-7.5.6.tgz",
      "integrity": "sha512-dnyv2/YsXhnm461G+R/Pe5bWP41Nm6LBXEYWI6eiFP4fiwx6WRI/CD0zbdVAudd9xwLEF2IDcKXLHit0FYjUzw==",
      "peer": true,
      "dependencies": {
        "tslib": "^2.1.0"
      }
    },
    "node_modules/tslib": {
      "version": "2.4.0",
      "resolved": "https://registry.npmjs.org/tslib/-/tslib-2.4.0.tgz",
      "integrity": "sha512-d6xOpEDfsi2CZVlPQzGeux8XMwLT9hssAsaPYExaQMuYskwb+x1x7J371tWlbBdWHroy99KnVB6qIkUbs5X3UQ=="
    },
    "node_modules/zone.js": {
      "version": "0.11.8",
      "resolved": "https://registry.npmjs.org/zone.js/-/zone.js-0.11.8.tgz",
      "integrity": "sha512-82bctBg2hKcEJ21humWIkXRlLBBmrc3nN7DFh5LGGhcyycO2S7FN8NmdvlcKaGFDNVL4/9kFLmwmInTavdJERA==",
      "peer": true,
      "dependencies": {
        "tslib": "^2.3.0"
      }
    }
  },
  "dependencies": {
    "@angular/common": {
      "version": "14.2.1",
      "resolved": "https://registry.npmjs.org/@angular/common/-/common-14.2.1.tgz",
      "integrity": "sha512-7FvYOBrgM9owmJvckC/tyJ9reI3BKXChm7Y2iu0WI94XIrI+FSQ7QYNwahDpcizyYAboVwe5lYXgDRrbzRfkKg==",
      "peer": true,
      "requires": {
        "tslib": "^2.3.0"
      }
    },
    "@angular/core": {
      "version": "14.2.1",
      "resolved": "https://registry.npmjs.org/@angular/core/-/core-14.2.1.tgz",
      "integrity": "sha512-TTMfunZ6TWaXA7SeWHbJBmJZIW4x48SjXrUIxMQ/PSgq9E/JXgarYDmfn00yyVRJDEGfjqzUW09Wtzc1mOkWLQ==",
      "peer": true,
      "requires": {
        "tslib": "^2.3.0"
      }
    },
    "@stencil/core": {
      "version": "2.17.3",
      "resolved": "https://registry.npmjs.org/@stencil/core/-/core-2.17.3.tgz",
      "integrity": "sha512-qw2DZzOpyaltLLEfYRTj3n+XbvRtkmv4QQimYDJubC6jMY0NXK9r6H2+VyszdbbVmvK1D9GqZtyvY0NmOrztsg==",
      "peer": true
    },
    "@trimble-oss/modus-web-components": {
      "version": "0.1.18",
      "resolved": "https://registry.npmjs.org/@trimble-oss/modus-web-components/-/modus-web-components-0.1.18.tgz",
      "integrity": "sha512-RJ4FLn1PgaSblas62K1doac+MxWC4YHPJlGc1UEfNb1PQ98rSXCT+da6/Wvo97HNes2L6DZWmZhFFT0Mvdfxog==",
      "peer": true,
      "requires": {
        "@stencil/core": "^2.17.3"
      }
    },
    "rxjs": {
      "version": "7.5.6",
      "resolved": "https://registry.npmjs.org/rxjs/-/rxjs-7.5.6.tgz",
      "integrity": "sha512-dnyv2/YsXhnm461G+R/Pe5bWP41Nm6LBXEYWI6eiFP4fiwx6WRI/CD0zbdVAudd9xwLEF2IDcKXLHit0FYjUzw==",
      "peer": true,
      "requires": {
        "tslib": "^2.1.0"
      }
    },
    "tslib": {
      "version": "2.4.0",
      "resolved": "https://registry.npmjs.org/tslib/-/tslib-2.4.0.tgz",
      "integrity": "sha512-d6xOpEDfsi2CZVlPQzGeux8XMwLT9hssAsaPYExaQMuYskwb+x1x7J371tWlbBdWHroy99KnVB6qIkUbs5X3UQ=="
    },
    "zone.js": {
      "version": "0.11.8",
      "resolved": "https://registry.npmjs.org/zone.js/-/zone.js-0.11.8.tgz",
      "integrity": "sha512-82bctBg2hKcEJ21humWIkXRlLBBmrc3nN7DFh5LGGhcyycO2S7FN8NmdvlcKaGFDNVL4/9kFLmwmInTavdJERA==",
      "peer": true,
      "requires": {
        "tslib": "^2.3.0"
      }
    }
  }
}
