{
  "name": "@trimble-oss/modus-angular-components",
  "version": "1.5.0-ng15",
  "lockfileVersion": 3,
  "requires": true,
  "packages": {
    "": {
      "name": "@trimble-oss/modus-angular-components",
      "version": "1.5.0-ng15",
      "license": "MIT",
      "dependencies": {
        "tslib": "^2.5.3"
      },
      "engines": {
        "node": ">=14.20.0"
      },
      "peerDependencies": {
        "@angular/common": "^15.2.9",
        "@angular/core": "^15.2.9",
        "@trimble-oss/modus-web-components": "1.5.0"
      }
    },
    "node_modules/@angular/common": {
      "version": "15.2.10",
      "resolved": "https://registry.npmjs.org/@angular/common/-/common-15.2.10.tgz",
      "integrity": "sha512-jdBn3fctkqoNrJn9VLsUHpcCEhCxWSczdsR+BBbD6T0oLl6vMrAVNjPwfBejnlgfWN1KoRU9kgOYsMxa5apIWQ==",
      "peer": true,
      "dependencies": {
        "tslib": "^2.3.0"
      },
      "engines": {
        "node": "^14.20.0 || ^16.13.0 || >=18.10.0"
      },
      "peerDependencies": {
        "@angular/core": "15.2.10",
        "rxjs": "^6.5.3 || ^7.4.0"
      }
    },
    "node_modules/@angular/core": {
      "version": "15.2.10",
      "resolved": "https://registry.npmjs.org/@angular/core/-/core-15.2.10.tgz",
      "integrity": "sha512-meGGidnitQJGDxYd9/LrqYiVlId+vGaLoiLgJdKBz+o2ZO6OmXQGuNw2VBqf17/Cc0/UjzrOY7+kILNFKkk/WQ==",
      "peer": true,
      "dependencies": {
        "tslib": "^2.3.0"
      },
      "engines": {
        "node": "^14.20.0 || ^16.13.0 || >=18.10.0"
      },
      "peerDependencies": {
        "rxjs": "^6.5.3 || ^7.4.0",
        "zone.js": "~0.11.4 || ~0.12.0 || ~0.13.0"
      }
    },
    "node_modules/@floating-ui/core": {
      "version": "1.6.9",
      "resolved": "https://registry.npmjs.org/@floating-ui/core/-/core-1.6.9.tgz",
      "integrity": "sha512-uMXCuQ3BItDUbAMhIXw7UPXRfAlOAvZzdK9BWpE60MCn+Svt3aLn9jsPTi/WNGlRUu2uI0v5S7JiIUsbsvh3fw==",
      "license": "MIT",
      "peer": true,
      "dependencies": {
        "@floating-ui/utils": "^0.2.9"
      }
    },
    "node_modules/@floating-ui/dom": {
      "version": "1.6.13",
      "resolved": "https://registry.npmjs.org/@floating-ui/dom/-/dom-1.6.13.tgz",
      "integrity": "sha512-umqzocjDgNRGTuO7Q8CU32dkHkECqI8ZdMZ5Swb6QAM0t5rnlrN3lGo1hdpscRd3WS8T6DKYK4ephgIH9iRh3w==",
      "license": "MIT",
      "peer": true,
      "dependencies": {
        "@floating-ui/core": "^1.6.0",
        "@floating-ui/utils": "^0.2.9"
      }
    },
    "node_modules/@floating-ui/utils": {
      "version": "0.2.9",
      "resolved": "https://registry.npmjs.org/@floating-ui/utils/-/utils-0.2.9.tgz",
      "integrity": "sha512-MDWhGtE+eHw5JW7lq4qhc5yRLS11ERl1c7Z6Xd0a58DozHES6EnNNwUWbMiG4J9Cgj053Bhk8zvlhFYKVhULwg==",
      "license": "MIT",
      "peer": true
    },
    "node_modules/@popperjs/core": {
      "version": "2.11.8",
      "resolved": "https://registry.npmjs.org/@popperjs/core/-/core-2.11.8.tgz",
      "integrity": "sha512-P1st0aksCrn9sGZhp8GMYwBnQsbvAWsZAX44oXNNvLHGqAOcoVxmjZiohstwQ7SqKnbR47akdNi+uleWD8+g6A==",
      "peer": true,
      "funding": {
        "type": "opencollective",
        "url": "https://opencollective.com/popperjs"
      }
    },
    "node_modules/@stencil/core": {
      "version": "4.20.0",
      "resolved": "https://registry.npmjs.org/@stencil/core/-/core-4.20.0.tgz",
      "integrity": "sha512-WPrTHFngvN081RY+dJPneKQLwnOFD60OMCOQGmmSHfCW0f4ujPMzzhwWU1gcSwXPWXz5O+8cBiiCaxAbJU7kAg==",
      "peer": true,
      "bin": {
        "stencil": "bin/stencil"
      },
      "engines": {
        "node": ">=16.0.0",
        "npm": ">=7.10.0"
      }
    },
    "node_modules/@tanstack/table-core": {
      "version": "8.20.5",
      "resolved": "https://registry.npmjs.org/@tanstack/table-core/-/table-core-8.20.5.tgz",
      "integrity": "sha512-P9dF7XbibHph2PFRz8gfBKEXEY/HJPOhym8CHmjF8y3q5mWpKx9xtZapXQUWCgkqvsK0R46Azuz+VaxD4Xl+Tg==",
      "peer": true,
      "engines": {
        "node": ">=12"
      },
      "funding": {
        "type": "github",
        "url": "https://github.com/sponsors/tannerlinsley"
      }
    },
    "node_modules/@trimble-oss/modus-web-components": {
      "version": "1.5.0",
      "resolved": "https://registry.npmjs.org/@trimble-oss/modus-web-components/-/modus-web-components-1.5.0.tgz",
      "integrity": "sha512-maHdg//tkfuFd/fmjw1E0tjPAIG6AfzJLtngJt8H7Rodd/15CV0f4iefk9uJXtvf5NFljnYCLgTPjrFehB2/zw==",
      "license": "MIT",
      "peer": true,
      "dependencies": {
        "@floating-ui/dom": "^1.6.13",
        "@popperjs/core": "^2.11.8",
        "@stencil/core": "^4.12.4",
        "@tanstack/table-core": "^8.20.5"
      },
      "engines": {
        "node": ">=18.20"
      }
    },
    "node_modules/rxjs": {
      "version": "7.8.1",
      "resolved": "https://registry.npmjs.org/rxjs/-/rxjs-7.8.1.tgz",
      "integrity": "sha512-AA3TVj+0A2iuIoQkWEK/tqFjBq2j+6PO6Y0zJcvzLAFhEFIO3HL0vls9hWLncZbAAbK0mar7oZ4V079I/qPMxg==",
      "peer": true,
      "dependencies": {
        "tslib": "^2.1.0"
      }
    },
    "node_modules/tslib": {
      "version": "2.5.3",
      "resolved": "https://registry.npmjs.org/tslib/-/tslib-2.5.3.tgz",
      "integrity": "sha512-mSxlJJwl3BMEQCUNnxXBU9jP4JBktcEGhURcPR6VQVlnP0FdDEsIaz0C35dXNGLyRfrATNofF0F5p2KPxQgB+w=="
    },
    "node_modules/zone.js": {
      "version": "0.13.3",
      "resolved": "https://registry.npmjs.org/zone.js/-/zone.js-0.13.3.tgz",
      "integrity": "sha512-MKPbmZie6fASC/ps4dkmIhaT5eonHkEt6eAy80K42tAm0G2W+AahLJjbfi6X9NPdciOE9GRFTTM8u2IiF6O3ww==",
      "peer": true,
      "dependencies": {
        "tslib": "^2.3.0"
      }
    }
  }
}
