{
  "name": "@trimble-oss/modus-angular-components",
  "version": "0.24.1-ng16",
  "lockfileVersion": 2,
  "requires": true,
  "packages": {
    "": {
      "name": "@trimble-oss/modus-angular-components",
      "version": "0.24.1-ng16",
      "license": "MIT",
      "dependencies": {
        "tslib": "^2.5.3"
      },
      "engines": {
        "node": ">=16.14.0"
      },
      "peerDependencies": {
        "@angular/common": "^16.1.7",
        "@angular/core": "^16.1.7",
        "@trimble-oss/modus-web-components": "0.25.0"
      }
    },
    "node_modules/tslib": {
      "version": "2.5.3",
      "resolved": "https://registry.npmjs.org/tslib/-/tslib-2.5.3.tgz",
      "integrity": "sha512-mSxlJJwl3BMEQCUNnxXBU9jP4JBktcEGhURcPR6VQVlnP0FdDEsIaz0C35dXNGLyRfrATNofF0F5p2KPxQgB+w=="
    }
  },
  "dependencies": {
    "tslib": {
      "version": "2.5.3",
      "resolved": "https://registry.npmjs.org/tslib/-/tslib-2.5.3.tgz",
      "integrity": "sha512-mSxlJJwl3BMEQCUNnxXBU9jP4JBktcEGhURcPR6VQVlnP0FdDEsIaz0C35dXNGLyRfrATNofF0F5p2KPxQgB+w=="
    }
  }
}
