{
  "name": "@trimble-oss/modus-angular-components",
  "version": "0.11.0-ng16",
  "lockfileVersion": 2,
  "requires": true,
  "packages": {
    "": {
      "name": "@trimble-oss/modus-angular-components",
      "version": "0.11.0-ng16",
      "license": "MIT",
      "dependencies": {
        "tslib": "^2.5.3"
      },
      "engines": {
        "node": ">=16.14.0"
      },
      "peerDependencies": {
        "@angular/common": "^16.1.7",
        "@angular/core": "^16.1.7",
        "@trimble-oss/modus-web-components": "0.11.0"
      }
    },
    "node_modules/@angular/common": {
      "version": "16.1.7",
      "resolved": "https://registry.npmjs.org/@angular/common/-/common-16.1.7.tgz",
      "integrity": "sha512-7WwYwtJjuJtUkutB+aMCvtV5zxa43T4x+kqT+kS4KnUmLv5KdrGPxcS+/7YUuKEELWp1SG032UTwGPX0DXxH4g==",
      "peer": true,
      "dependencies": {
        "tslib": "^2.3.0"
      },
      "engines": {
        "node": "^16.14.0 || >=18.10.0"
      },
      "peerDependencies": {
        "@angular/core": "16.1.7",
        "rxjs": "^6.5.3 || ^7.4.0"
      }
    },
    "node_modules/@angular/core": {
      "version": "16.1.7",
      "resolved": "https://registry.npmjs.org/@angular/core/-/core-16.1.7.tgz",
      "integrity": "sha512-Wl5BR9X1xnV7Z9v/MNVANhymuTKAuRv4etr4rRgaC5NbbJSuFM4y+mg4yVI4wmrYJo0gKRcV9+2mHaePr41fTg==",
      "peer": true,
      "dependencies": {
        "tslib": "^2.3.0"
      },
      "engines": {
        "node": "^16.14.0 || >=18.10.0"
      },
      "peerDependencies": {
        "rxjs": "^6.5.3 || ^7.4.0",
        "zone.js": "~0.13.0"
      }
    },
    "node_modules/@popperjs/core": {
      "version": "2.11.8",
      "resolved": "https://registry.npmjs.org/@popperjs/core/-/core-2.11.8.tgz",
      "integrity": "sha512-P1st0aksCrn9sGZhp8GMYwBnQsbvAWsZAX44oXNNvLHGqAOcoVxmjZiohstwQ7SqKnbR47akdNi+uleWD8+g6A==",
      "peer": true,
      "funding": {
        "type": "opencollective",
        "url": "https://opencollective.com/popperjs"
      }
    },
    "node_modules/@stencil/core": {
      "version": "3.3.1",
      "resolved": "https://registry.npmjs.org/@stencil/core/-/core-3.3.1.tgz",
      "integrity": "sha512-I+660Oe9OMLiU+thjV1GgcI27dcvrSpF3xisHWBOU/4mzRtho3YW0cI8lSjcqyB1KirGTA6QeQ0Xif5UHqn8hw==",
      "peer": true,
      "bin": {
        "stencil": "bin/stencil"
      },
      "engines": {
        "node": ">=14.10.0",
        "npm": ">=6.0.0"
      }
    },
    "node_modules/@tanstack/table-core": {
      "version": "8.9.7",
      "resolved": "https://registry.npmjs.org/@tanstack/table-core/-/table-core-8.9.7.tgz",
      "integrity": "sha512-lkhVcGDxa9GSoDFPkplPDvzsiUACPZrxT3U1edPs0DCMKFhBDgZ7d1DPd7cqHH0JoybfbQ/qiTQYOQBg8sinJg==",
      "peer": true,
      "engines": {
        "node": ">=12"
      },
      "funding": {
        "type": "github",
        "url": "https://github.com/sponsors/tannerlinsley"
      }
    },
    "node_modules/@trimble-oss/modus-web-components": {
      "version": "0.11.0",
      "resolved": "https://registry.npmjs.org/@trimble-oss/modus-web-components/-/modus-web-components-0.11.0.tgz",
      "integrity": "sha512-x168WjWBSeIF9v65u4zlHe24twMWCA1v+lMCW/lSicYObyraC2VF7ysPEM8kGbQhOuw37iaGQEz3vnUOjPghKA==",
      "peer": true,
      "dependencies": {
        "@popperjs/core": "^2.11.8",
        "@stencil/core": "^3.3.0",
        "@tanstack/table-core": "^8.8.5"
      },
      "engines": {
        "node": ">=14",
        "npm": ">=7"
      }
    },
    "node_modules/rxjs": {
      "version": "7.8.1",
      "resolved": "https://registry.npmjs.org/rxjs/-/rxjs-7.8.1.tgz",
      "integrity": "sha512-AA3TVj+0A2iuIoQkWEK/tqFjBq2j+6PO6Y0zJcvzLAFhEFIO3HL0vls9hWLncZbAAbK0mar7oZ4V079I/qPMxg==",
      "peer": true,
      "dependencies": {
        "tslib": "^2.1.0"
      }
    },
    "node_modules/tslib": {
      "version": "2.5.3",
      "resolved": "https://registry.npmjs.org/tslib/-/tslib-2.5.3.tgz",
      "integrity": "sha512-mSxlJJwl3BMEQCUNnxXBU9jP4JBktcEGhURcPR6VQVlnP0FdDEsIaz0C35dXNGLyRfrATNofF0F5p2KPxQgB+w=="
    },
    "node_modules/zone.js": {
      "version": "0.13.1",
      "resolved": "https://registry.npmjs.org/zone.js/-/zone.js-0.13.1.tgz",
      "integrity": "sha512-+bIeDAFEBYuXRuU3qGQvzdPap+N1zjM4KkBAiiQuVVCrHrhjDuY6VkUhNa5+U27+9w0q3fbKiMCbpJ0XzMmSWA==",
      "peer": true,
      "dependencies": {
        "tslib": "^2.3.0"
      }
    }
  },
  "dependencies": {
    "@angular/common": {
      "version": "16.1.7",
      "resolved": "https://registry.npmjs.org/@angular/common/-/common-16.1.7.tgz",
      "integrity": "sha512-7WwYwtJjuJtUkutB+aMCvtV5zxa43T4x+kqT+kS4KnUmLv5KdrGPxcS+/7YUuKEELWp1SG032UTwGPX0DXxH4g==",
      "peer": true,
      "requires": {
        "tslib": "^2.3.0"
      }
    },
    "@angular/core": {
      "version": "16.1.7",
      "resolved": "https://registry.npmjs.org/@angular/core/-/core-16.1.7.tgz",
      "integrity": "sha512-Wl5BR9X1xnV7Z9v/MNVANhymuTKAuRv4etr4rRgaC5NbbJSuFM4y+mg4yVI4wmrYJo0gKRcV9+2mHaePr41fTg==",
      "peer": true,
      "requires": {
        "tslib": "^2.3.0"
      }
    },
    "@popperjs/core": {
      "version": "2.11.8",
      "resolved": "https://registry.npmjs.org/@popperjs/core/-/core-2.11.8.tgz",
      "integrity": "sha512-P1st0aksCrn9sGZhp8GMYwBnQsbvAWsZAX44oXNNvLHGqAOcoVxmjZiohstwQ7SqKnbR47akdNi+uleWD8+g6A==",
      "peer": true
    },
    "@stencil/core": {
      "version": "3.3.1",
      "resolved": "https://registry.npmjs.org/@stencil/core/-/core-3.3.1.tgz",
      "integrity": "sha512-I+660Oe9OMLiU+thjV1GgcI27dcvrSpF3xisHWBOU/4mzRtho3YW0cI8lSjcqyB1KirGTA6QeQ0Xif5UHqn8hw==",
      "peer": true
    },
    "@tanstack/table-core": {
      "version": "8.9.7",
      "resolved": "https://registry.npmjs.org/@tanstack/table-core/-/table-core-8.9.7.tgz",
      "integrity": "sha512-lkhVcGDxa9GSoDFPkplPDvzsiUACPZrxT3U1edPs0DCMKFhBDgZ7d1DPd7cqHH0JoybfbQ/qiTQYOQBg8sinJg==",
      "peer": true
    },
    "@trimble-oss/modus-web-components": {
      "version": "0.11.0",
      "resolved": "https://registry.npmjs.org/@trimble-oss/modus-web-components/-/modus-web-components-0.11.0.tgz",
      "integrity": "sha512-x168WjWBSeIF9v65u4zlHe24twMWCA1v+lMCW/lSicYObyraC2VF7ysPEM8kGbQhOuw37iaGQEz3vnUOjPghKA==",
      "peer": true,
      "requires": {
        "@popperjs/core": "^2.11.8",
        "@stencil/core": "^3.3.0",
        "@tanstack/table-core": "^8.8.5"
      }
    },
    "rxjs": {
      "version": "7.8.1",
      "resolved": "https://registry.npmjs.org/rxjs/-/rxjs-7.8.1.tgz",
      "integrity": "sha512-AA3TVj+0A2iuIoQkWEK/tqFjBq2j+6PO6Y0zJcvzLAFhEFIO3HL0vls9hWLncZbAAbK0mar7oZ4V079I/qPMxg==",
      "peer": true,
      "requires": {
        "tslib": "^2.1.0"
      }
    },
    "tslib": {
      "version": "2.5.3",
      "resolved": "https://registry.npmjs.org/tslib/-/tslib-2.5.3.tgz",
      "integrity": "sha512-mSxlJJwl3BMEQCUNnxXBU9jP4JBktcEGhURcPR6VQVlnP0FdDEsIaz0C35dXNGLyRfrATNofF0F5p2KPxQgB+w=="
    },
    "zone.js": {
      "version": "0.13.1",
      "resolved": "https://registry.npmjs.org/zone.js/-/zone.js-0.13.1.tgz",
      "integrity": "sha512-+bIeDAFEBYuXRuU3qGQvzdPap+N1zjM4KkBAiiQuVVCrHrhjDuY6VkUhNa5+U27+9w0q3fbKiMCbpJ0XzMmSWA==",
      "peer": true,
      "requires": {
        "tslib": "^2.3.0"
      }
    }
  }
}
